// !$*UTF8*$!
{
	archiveVersion = 1;
	classes = {
	};
	objectVersion = 51;
	objects = {

/* Begin PBXBuildFile section */
		7C54D74E6BC22D8F1FE8B950 /* Pods_ForReal.framework in Frameworks */ = {isa = PBXBuildFile; fileRef = B0C9083672CFE7532B8013D7 /* Pods_ForReal.framework */; };
		E1142691252EB6AF00B83B84 /* LoginViewController.swift in Sources */ = {isa = PBXBuildFile; fileRef = E1142690252EB6AF00B83B84 /* LoginViewController.swift */; };
		E1388694254CA9DE0029BB3A /* Images.xcassets in Resources */ = {isa = PBXBuildFile; fileRef = E1388693254CA9DE0029BB3A /* Images.xcassets */; };
		E13F272D2534AD94005DC374 /* SAButton.swift in Sources */ = {isa = PBXBuildFile; fileRef = E13F272C2534AD94005DC374 /* SAButton.swift */; };
		E163E01D24628B6000877D07 /* ForRealTests.swift in Sources */ = {isa = PBXBuildFile; fileRef = E163E01C24628B6000877D07 /* ForRealTests.swift */; };
		E163E02824628B6000877D07 /* ForRealUITests.swift in Sources */ = {isa = PBXBuildFile; fileRef = E163E02724628B6000877D07 /* ForRealUITests.swift */; };
		E163E03824628B6800877D07 /* HealthKit.framework in Frameworks */ = {isa = PBXBuildFile; fileRef = E163E03724628B6800877D07 /* HealthKit.framework */; };
		E163E04124628BD300877D07 /* SceneDelegate.swift in Sources */ = {isa = PBXBuildFile; fileRef = E163E03B24628BD300877D07 /* SceneDelegate.swift */; };
		E163E04324628BD300877D07 /* AppDelegate.swift in Sources */ = {isa = PBXBuildFile; fileRef = E163E03E24628BD300877D07 /* AppDelegate.swift */; };
		E163E04B24628C2C00877D07 /* Date+ToString.swift in Sources */ = {isa = PBXBuildFile; fileRef = E163E04A24628C2C00877D07 /* Date+ToString.swift */; };
		E163E04E24628C7000877D07 /* Main.storyboard in Resources */ = {isa = PBXBuildFile; fileRef = E163E04C24628C7000877D07 /* Main.storyboard */; };
		E163E05124628C8C00877D07 /* LaunchScreen.storyboard in Resources */ = {isa = PBXBuildFile; fileRef = E163E04F24628C8C00877D07 /* LaunchScreen.storyboard */; };
		E163E05324628E0300877D07 /* ViewController.swift in Sources */ = {isa = PBXBuildFile; fileRef = E163E05224628E0300877D07 /* ViewController.swift */; };
		E18C3E1325350595007F16C9 /* GoogleService-Info.plist in Resources */ = {isa = PBXBuildFile; fileRef = E18C3E1225350595007F16C9 /* GoogleService-Info.plist */; };
/* End PBXBuildFile section */

/* Begin PBXContainerItemProxy section */
		E163E01924628B6000877D07 /* PBXContainerItemProxy */ = {
			isa = PBXContainerItemProxy;
			containerPortal = E163DFFA24628B5F00877D07 /* Project object */;
			proxyType = 1;
			remoteGlobalIDString = E163E00124628B5F00877D07;
			remoteInfo = ForReal;
		};
		E163E02424628B6000877D07 /* PBXContainerItemProxy */ = {
			isa = PBXContainerItemProxy;
			containerPortal = E163DFFA24628B5F00877D07 /* Project object */;
			proxyType = 1;
			remoteGlobalIDString = E163E00124628B5F00877D07;
			remoteInfo = ForReal;
		};
/* End PBXContainerItemProxy section */

/* Begin PBXFileReference section */
		380BD3F4FBBB9AD69CD78B45 /* Pods-ForReal.debug.xcconfig */ = {isa = PBXFileReference; includeInIndex = 1; lastKnownFileType = text.xcconfig; name = "Pods-ForReal.debug.xcconfig"; path = "Target Support Files/Pods-ForReal/Pods-ForReal.debug.xcconfig"; sourceTree = "<group>"; };
		794B7B69CBAE2C4B48A6BB95 /* Pods-ForReal.release.xcconfig */ = {isa = PBXFileReference; includeInIndex = 1; lastKnownFileType = text.xcconfig; name = "Pods-ForReal.release.xcconfig"; path = "Target Support Files/Pods-ForReal/Pods-ForReal.release.xcconfig"; sourceTree = "<group>"; };
		B0C9083672CFE7532B8013D7 /* Pods_ForReal.framework */ = {isa = PBXFileReference; explicitFileType = wrapper.framework; includeInIndex = 0; path = Pods_ForReal.framework; sourceTree = BUILT_PRODUCTS_DIR; };
		E1142690252EB6AF00B83B84 /* LoginViewController.swift */ = {isa = PBXFileReference; lastKnownFileType = sourcecode.swift; path = LoginViewController.swift; sourceTree = "<group>"; };
		E1388693254CA9DE0029BB3A /* Images.xcassets */ = {isa = PBXFileReference; lastKnownFileType = folder.assetcatalog; path = Images.xcassets; sourceTree = "<group>"; };
		E13F272C2534AD94005DC374 /* SAButton.swift */ = {isa = PBXFileReference; lastKnownFileType = sourcecode.swift; path = SAButton.swift; sourceTree = "<group>"; };
		E163E00224628B5F00877D07 /* ForReal.app */ = {isa = PBXFileReference; explicitFileType = wrapper.application; includeInIndex = 0; path = ForReal.app; sourceTree = BUILT_PRODUCTS_DIR; };
		E163E01324628B5F00877D07 /* Info.plist */ = {isa = PBXFileReference; lastKnownFileType = text.plist.xml; path = Info.plist; sourceTree = "<group>"; };
		E163E01824628B6000877D07 /* ForRealTests.xctest */ = {isa = PBXFileReference; explicitFileType = wrapper.cfbundle; includeInIndex = 0; path = ForRealTests.xctest; sourceTree = BUILT_PRODUCTS_DIR; };
		E163E01C24628B6000877D07 /* ForRealTests.swift */ = {isa = PBXFileReference; lastKnownFileType = sourcecode.swift; path = ForRealTests.swift; sourceTree = "<group>"; };
		E163E01E24628B6000877D07 /* Info.plist */ = {isa = PBXFileReference; lastKnownFileType = text.plist.xml; path = Info.plist; sourceTree = "<group>"; };
		E163E02324628B6000877D07 /* ForRealUITests.xctest */ = {isa = PBXFileReference; explicitFileType = wrapper.cfbundle; includeInIndex = 0; path = ForRealUITests.xctest; sourceTree = BUILT_PRODUCTS_DIR; };
		E163E02724628B6000877D07 /* ForRealUITests.swift */ = {isa = PBXFileReference; lastKnownFileType = sourcecode.swift; path = ForRealUITests.swift; sourceTree = "<group>"; };
		E163E02924628B6000877D07 /* Info.plist */ = {isa = PBXFileReference; lastKnownFileType = text.plist.xml; path = Info.plist; sourceTree = "<group>"; };
		E163E03524628B6800877D07 /* ForReal.entitlements */ = {isa = PBXFileReference; lastKnownFileType = text.plist.entitlements; path = ForReal.entitlements; sourceTree = "<group>"; };
		E163E03724628B6800877D07 /* HealthKit.framework */ = {isa = PBXFileReference; lastKnownFileType = wrapper.framework; name = HealthKit.framework; path = System/Library/Frameworks/HealthKit.framework; sourceTree = SDKROOT; };
		E163E03B24628BD300877D07 /* SceneDelegate.swift */ = {isa = PBXFileReference; fileEncoding = 4; lastKnownFileType = sourcecode.swift; name = SceneDelegate.swift; path = ../../ThisIsTheOne/ThisIsTheOne/SceneDelegate.swift; sourceTree = "<group>"; };
		E163E03E24628BD300877D07 /* AppDelegate.swift */ = {isa = PBXFileReference; fileEncoding = 4; lastKnownFileType = sourcecode.swift; name = AppDelegate.swift; path = ../../ThisIsTheOne/ThisIsTheOne/AppDelegate.swift; sourceTree = "<group>"; };
		E163E04A24628C2C00877D07 /* Date+ToString.swift */ = {isa = PBXFileReference; fileEncoding = 4; lastKnownFileType = sourcecode.swift; name = "Date+ToString.swift"; path = "../../StepToIt-master/New Group/Date+ToString.swift"; sourceTree = "<group>"; };
		E163E04D24628C7000877D07 /* Base */ = {isa = PBXFileReference; lastKnownFileType = file.storyboard; name = Base; path = "../../StepToIt-master/Base.lproj/Main.storyboard"; sourceTree = "<group>"; };
		E163E05024628C8C00877D07 /* Base */ = {isa = PBXFileReference; lastKnownFileType = file.storyboard; name = Base; path = "../../StepToIt-master/Base.lproj/LaunchScreen.storyboard"; sourceTree = "<group>"; };
		E163E05224628E0300877D07 /* ViewController.swift */ = {isa = PBXFileReference; fileEncoding = 4; lastKnownFileType = sourcecode.swift; path = ViewController.swift; sourceTree = "<group>"; };
		E18C3E1225350595007F16C9 /* GoogleService-Info.plist */ = {isa = PBXFileReference; fileEncoding = 4; lastKnownFileType = text.plist.xml; name = "GoogleService-Info.plist"; path = "../../../Downloads/GoogleService-Info.plist"; sourceTree = "<group>"; };
/* End PBXFileReference section */

/* Begin PBXFrameworksBuildPhase section */
		E163DFFF24628B5F00877D07 /* Frameworks */ = {
			isa = PBXFrameworksBuildPhase;
			buildActionMask = 2147483647;
			files = (
				E163E03824628B6800877D07 /* HealthKit.framework in Frameworks */,
				7C54D74E6BC22D8F1FE8B950 /* Pods_ForReal.framework in Frameworks */,
			);
			runOnlyForDeploymentPostprocessing = 0;
		};
		E163E01524628B6000877D07 /* Frameworks */ = {
			isa = PBXFrameworksBuildPhase;
			buildActionMask = 2147483647;
			files = (
			);
			runOnlyForDeploymentPostprocessing = 0;
		};
		E163E02024628B6000877D07 /* Frameworks */ = {
			isa = PBXFrameworksBuildPhase;
			buildActionMask = 2147483647;
			files = (
			);
			runOnlyForDeploymentPostprocessing = 0;
		};
/* End PBXFrameworksBuildPhase section */

/* Begin PBXGroup section */
		E163DFF924628B5F00877D07 = {
			isa = PBXGroup;
			children = (
				E163E00424628B5F00877D07 /* ForReal */,
				E163E01B24628B6000877D07 /* ForRealTests */,
				E163E02624628B6000877D07 /* ForRealUITests */,
				E163E00324628B5F00877D07 /* Products */,
				E163E03624628B6800877D07 /* Frameworks */,
				E472C69D0DA76FBB48F4FD10 /* Pods */,
			);
			sourceTree = "<group>";
		};
		E163E00324628B5F00877D07 /* Products */ = {
			isa = PBXGroup;
			children = (
				E163E00224628B5F00877D07 /* ForReal.app */,
				E163E01824628B6000877D07 /* ForRealTests.xctest */,
				E163E02324628B6000877D07 /* ForRealUITests.xctest */,
			);
			name = Products;
			sourceTree = "<group>";
		};
		E163E00424628B5F00877D07 /* ForReal */ = {
			isa = PBXGroup;
			children = (
				E163E03524628B6800877D07 /* ForReal.entitlements */,
				E163E03E24628BD300877D07 /* AppDelegate.swift */,
				E163E03B24628BD300877D07 /* SceneDelegate.swift */,
				E163E04F24628C8C00877D07 /* LaunchScreen.storyboard */,
				E163E04C24628C7000877D07 /* Main.storyboard */,
				E163E04A24628C2C00877D07 /* Date+ToString.swift */,
				E163E05224628E0300877D07 /* ViewController.swift */,
				E1142690252EB6AF00B83B84 /* LoginViewController.swift */,
				E163E01324628B5F00877D07 /* Info.plist */,
				E18C3E1225350595007F16C9 /* GoogleService-Info.plist */,
				E13F272C2534AD94005DC374 /* SAButton.swift */,
				E1388693254CA9DE0029BB3A /* Images.xcassets */,
			);
			path = ForReal;
			sourceTree = "<group>";
		};
		E163E01B24628B6000877D07 /* ForRealTests */ = {
			isa = PBXGroup;
			children = (
				E163E01C24628B6000877D07 /* ForRealTests.swift */,
				E163E01E24628B6000877D07 /* Info.plist */,
			);
			path = ForRealTests;
			sourceTree = "<group>";
		};
		E163E02624628B6000877D07 /* ForRealUITests */ = {
			isa = PBXGroup;
			children = (
				E163E02724628B6000877D07 /* ForRealUITests.swift */,
				E163E02924628B6000877D07 /* Info.plist */,
			);
			path = ForRealUITests;
			sourceTree = "<group>";
		};
		E163E03624628B6800877D07 /* Frameworks */ = {
			isa = PBXGroup;
			children = (
				E163E03724628B6800877D07 /* HealthKit.framework */,
				B0C9083672CFE7532B8013D7 /* Pods_ForReal.framework */,
			);
			name = Frameworks;
			sourceTree = "<group>";
		};
		E472C69D0DA76FBB48F4FD10 /* Pods */ = {
			isa = PBXGroup;
			children = (
				380BD3F4FBBB9AD69CD78B45 /* Pods-ForReal.debug.xcconfig */,
				794B7B69CBAE2C4B48A6BB95 /* Pods-ForReal.release.xcconfig */,
			);
			path = Pods;
			sourceTree = "<group>";
		};
/* End PBXGroup section */

/* Begin PBXNativeTarget section */
		E163E00124628B5F00877D07 /* ForReal */ = {
			isa = PBXNativeTarget;
			buildConfigurationList = E163E02C24628B6000877D07 /* Build configuration list for PBXNativeTarget "ForReal" */;
			buildPhases = (
				5EF4B9BDE26D97A002259E39 /* [CP] Check Pods Manifest.lock */,
				E163DFFE24628B5F00877D07 /* Sources */,
				E163DFFF24628B5F00877D07 /* Frameworks */,
				E163E00024628B5F00877D07 /* Resources */,
				A92694D165693B79B5C1CAED /* [CP] Embed Pods Frameworks */,
				78DD7B43A539D003E82FABBC /* [CP] Copy Pods Resources */,
			);
			buildRules = (
			);
			dependencies = (
			);
			name = ForReal;
			productName = ForReal;
			productReference = E163E00224628B5F00877D07 /* ForReal.app */;
			productType = "com.apple.product-type.application";
		};
		E163E01724628B6000877D07 /* ForRealTests */ = {
			isa = PBXNativeTarget;
			buildConfigurationList = E163E02F24628B6000877D07 /* Build configuration list for PBXNativeTarget "ForRealTests" */;
			buildPhases = (
				E163E01424628B6000877D07 /* Sources */,
				E163E01524628B6000877D07 /* Frameworks */,
				E163E01624628B6000877D07 /* Resources */,
			);
			buildRules = (
			);
			dependencies = (
				E163E01A24628B6000877D07 /* PBXTargetDependency */,
			);
			name = ForRealTests;
			productName = ForRealTests;
			productReference = E163E01824628B6000877D07 /* ForRealTests.xctest */;
			productType = "com.apple.product-type.bundle.unit-test";
		};
		E163E02224628B6000877D07 /* ForRealUITests */ = {
			isa = PBXNativeTarget;
			buildConfigurationList = E163E03224628B6000877D07 /* Build configuration list for PBXNativeTarget "ForRealUITests" */;
			buildPhases = (
				E163E01F24628B6000877D07 /* Sources */,
				E163E02024628B6000877D07 /* Frameworks */,
				E163E02124628B6000877D07 /* Resources */,
			);
			buildRules = (
			);
			dependencies = (
				E163E02524628B6000877D07 /* PBXTargetDependency */,
			);
			name = ForRealUITests;
			productName = ForRealUITests;
			productReference = E163E02324628B6000877D07 /* ForRealUITests.xctest */;
			productType = "com.apple.product-type.bundle.ui-testing";
		};
/* End PBXNativeTarget section */

/* Begin PBXProject section */
		E163DFFA24628B5F00877D07 /* Project object */ = {
			isa = PBXProject;
			attributes = {
				LastSwiftUpdateCheck = 1130;
				LastUpgradeCheck = 1200;
				ORGANIZATIONNAME = "Jack Mazza";
				TargetAttributes = {
					E163E00124628B5F00877D07 = {
						CreatedOnToolsVersion = 11.3;
						LastSwiftMigration = 1130;
					};
					E163E01724628B6000877D07 = {
						CreatedOnToolsVersion = 11.3;
						TestTargetID = E163E00124628B5F00877D07;
					};
					E163E02224628B6000877D07 = {
						CreatedOnToolsVersion = 11.3;
						TestTargetID = E163E00124628B5F00877D07;
					};
				};
			};
			buildConfigurationList = E163DFFD24628B5F00877D07 /* Build configuration list for PBXProject "ForReal" */;
			compatibilityVersion = "Xcode 9.3";
			developmentRegion = en;
			hasScannedForEncodings = 0;
			knownRegions = (
				en,
				Base,
			);
			mainGroup = E163DFF924628B5F00877D07;
			productRefGroup = E163E00324628B5F00877D07 /* Products */;
			projectDirPath = "";
			projectRoot = "";
			targets = (
				E163E00124628B5F00877D07 /* ForReal */,
				E163E01724628B6000877D07 /* ForRealTests */,
				E163E02224628B6000877D07 /* ForRealUITests */,
			);
		};
/* End PBXProject section */

/* Begin PBXResourcesBuildPhase section */
		E163E00024628B5F00877D07 /* Resources */ = {
			isa = PBXResourcesBuildPhase;
			buildActionMask = 2147483647;
			files = (
				E163E05124628C8C00877D07 /* LaunchScreen.storyboard in Resources */,
				E1388694254CA9DE0029BB3A /* Images.xcassets in Resources */,
				E163E04E24628C7000877D07 /* Main.storyboard in Resources */,
				E18C3E1325350595007F16C9 /* GoogleService-Info.plist in Resources */,
			);
			runOnlyForDeploymentPostprocessing = 0;
		};
		E163E01624628B6000877D07 /* Resources */ = {
			isa = PBXResourcesBuildPhase;
			buildActionMask = 2147483647;
			files = (
			);
			runOnlyForDeploymentPostprocessing = 0;
		};
		E163E02124628B6000877D07 /* Resources */ = {
			isa = PBXResourcesBuildPhase;
			buildActionMask = 2147483647;
			files = (
			);
			runOnlyForDeploymentPostprocessing = 0;
		};
/* End PBXResourcesBuildPhase section */

/* Begin PBXShellScriptBuildPhase section */
		5EF4B9BDE26D97A002259E39 /* [CP] Check Pods Manifest.lock */ = {
			isa = PBXShellScriptBuildPhase;
			buildActionMask = 2147483647;
			files = (
			);
			inputFileListPaths = (
			);
			inputPaths = (
				"${PODS_PODFILE_DIR_PATH}/Podfile.lock",
				"${PODS_ROOT}/Manifest.lock",
			);
			name = "[CP] Check Pods Manifest.lock";
			outputFileListPaths = (
			);
			outputPaths = (
				"$(DERIVED_FILE_DIR)/Pods-ForReal-checkManifestLockResult.txt",
			);
			runOnlyForDeploymentPostprocessing = 0;
			shellPath = /bin/sh;
			shellScript = "diff \"${PODS_PODFILE_DIR_PATH}/Podfile.lock\" \"${PODS_ROOT}/Manifest.lock\" > /dev/null\nif [ $? != 0 ] ; then\n    # print error to STDERR\n    echo \"error: The sandbox is not in sync with the Podfile.lock. Run 'pod install' or update your CocoaPods installation.\" >&2\n    exit 1\nfi\n# This output is used by Xcode 'outputs' to avoid re-running this script phase.\necho \"SUCCESS\" > \"${SCRIPT_OUTPUT_FILE_0}\"\n";
			showEnvVarsInLog = 0;
		};
		78DD7B43A539D003E82FABBC /* [CP] Copy Pods Resources */ = {
			isa = PBXShellScriptBuildPhase;
			buildActionMask = 2147483647;
			files = (
			);
			inputFileListPaths = (
				"${PODS_ROOT}/Target Support Files/Pods-ForReal/Pods-ForReal-resources-${CONFIGURATION}-input-files.xcfilelist",
			);
			name = "[CP] Copy Pods Resources";
			outputFileListPaths = (
				"${PODS_ROOT}/Target Support Files/Pods-ForReal/Pods-ForReal-resources-${CONFIGURATION}-output-files.xcfilelist",
			);
			runOnlyForDeploymentPostprocessing = 0;
			shellPath = /bin/sh;
			shellScript = "\"${PODS_ROOT}/Target Support Files/Pods-ForReal/Pods-ForReal-resources.sh\"\n";
			showEnvVarsInLog = 0;
		};
		A92694D165693B79B5C1CAED /* [CP] Embed Pods Frameworks */ = {
			isa = PBXShellScriptBuildPhase;
			buildActionMask = 2147483647;
			files = (
			);
			inputFileListPaths = (
				"${PODS_ROOT}/Target Support Files/Pods-ForReal/Pods-ForReal-frameworks-${CONFIGURATION}-input-files.xcfilelist",
			);
			name = "[CP] Embed Pods Frameworks";
			outputFileListPaths = (
				"${PODS_ROOT}/Target Support Files/Pods-ForReal/Pods-ForReal-frameworks-${CONFIGURATION}-output-files.xcfilelist",
			);
			runOnlyForDeploymentPostprocessing = 0;
			shellPath = /bin/sh;
			shellScript = "\"${PODS_ROOT}/Target Support Files/Pods-ForReal/Pods-ForReal-frameworks.sh\"\n";
			showEnvVarsInLog = 0;
		};
/* End PBXShellScriptBuildPhase section */

/* Begin PBXSourcesBuildPhase section */
		E163DFFE24628B5F00877D07 /* Sources */ = {
			isa = PBXSourcesBuildPhase;
			buildActionMask = 2147483647;
			files = (
				E163E04324628BD300877D07 /* AppDelegate.swift in Sources */,
				E13F272D2534AD94005DC374 /* SAButton.swift in Sources */,
				E163E04B24628C2C00877D07 /* Date+ToString.swift in Sources */,
				E163E05324628E0300877D07 /* ViewController.swift in Sources */,
				E1142691252EB6AF00B83B84 /* LoginViewController.swift in Sources */,
				E163E04124628BD300877D07 /* SceneDelegate.swift in Sources */,
			);
			runOnlyForDeploymentPostprocessing = 0;
		};
		E163E01424628B6000877D07 /* Sources */ = {
			isa = PBXSourcesBuildPhase;
			buildActionMask = 2147483647;
			files = (
				E163E01D24628B6000877D07 /* ForRealTests.swift in Sources */,
			);
			runOnlyForDeploymentPostprocessing = 0;
		};
		E163E01F24628B6000877D07 /* Sources */ = {
			isa = PBXSourcesBuildPhase;
			buildActionMask = 2147483647;
			files = (
				E163E02824628B6000877D07 /* ForRealUITests.swift in Sources */,
			);
			runOnlyForDeploymentPostprocessing = 0;
		};
/* End PBXSourcesBuildPhase section */

/* Begin PBXTargetDependency section */
		E163E01A24628B6000877D07 /* PBXTargetDependency */ = {
			isa = PBXTargetDependency;
			target = E163E00124628B5F00877D07 /* ForReal */;
			targetProxy = E163E01924628B6000877D07 /* PBXContainerItemProxy */;
		};
		E163E02524628B6000877D07 /* PBXTargetDependency */ = {
			isa = PBXTargetDependency;
			target = E163E00124628B5F00877D07 /* ForReal */;
			targetProxy = E163E02424628B6000877D07 /* PBXContainerItemProxy */;
		};
/* End PBXTargetDependency section */

/* Begin PBXVariantGroup section */
		E163E04C24628C7000877D07 /* Main.storyboard */ = {
			isa = PBXVariantGroup;
			children = (
				E163E04D24628C7000877D07 /* Base */,
			);
			name = Main.storyboard;
			sourceTree = "<group>";
		};
		E163E04F24628C8C00877D07 /* LaunchScreen.storyboard */ = {
			isa = PBXVariantGroup;
			children = (
				E163E05024628C8C00877D07 /* Base */,
			);
			name = LaunchScreen.storyboard;
			sourceTree = "<group>";
		};
/* End PBXVariantGroup section */

/* Begin XCBuildConfiguration section */
		E163E02A24628B6000877D07 /* Debug */ = {
			isa = XCBuildConfiguration;
			buildSettings = {
				ALWAYS_SEARCH_USER_PATHS = NO;
				CLANG_ANALYZER_NONNULL = YES;
				CLANG_ANALYZER_NUMBER_OBJECT_CONVERSION = YES_AGGRESSIVE;
				CLANG_CXX_LANGUAGE_STANDARD = "gnu++14";
				CLANG_CXX_LIBRARY = "libc++";
				CLANG_ENABLE_MODULES = YES;
				CLANG_ENABLE_OBJC_ARC = YES;
				CLANG_ENABLE_OBJC_WEAK = YES;
				CLANG_WARN_BLOCK_CAPTURE_AUTORELEASING = YES;
				CLANG_WARN_BOOL_CONVERSION = YES;
				CLANG_WARN_COMMA = YES;
				CLANG_WARN_CONSTANT_CONVERSION = YES;
				CLANG_WARN_DEPRECATED_OBJC_IMPLEMENTATIONS = YES;
				CLANG_WARN_DIRECT_OBJC_ISA_USAGE = YES_ERROR;
				CLANG_WARN_DOCUMENTATION_COMMENTS = YES;
				CLANG_WARN_EMPTY_BODY = YES;
				CLANG_WARN_ENUM_CONVERSION = YES;
				CLANG_WARN_INFINITE_RECURSION = YES;
				CLANG_WARN_INT_CONVERSION = YES;
				CLANG_WARN_NON_LITERAL_NULL_CONVERSION = YES;
				CLANG_WARN_OBJC_IMPLICIT_RETAIN_SELF = YES;
				CLANG_WARN_OBJC_LITERAL_CONVERSION = YES;
				CLANG_WARN_OBJC_ROOT_CLASS = YES_ERROR;
				CLANG_WARN_QUOTED_INCLUDE_IN_FRAMEWORK_HEADER = YES;
				CLANG_WARN_RANGE_LOOP_ANALYSIS = YES;
				CLANG_WARN_STRICT_PROTOTYPES = YES;
				CLANG_WARN_SUSPICIOUS_MOVE = YES;
				CLANG_WARN_UNGUARDED_AVAILABILITY = YES_AGGRESSIVE;
				CLANG_WARN_UNREACHABLE_CODE = YES;
				CLANG_WARN__DUPLICATE_METHOD_MATCH = YES;
				COPY_PHASE_STRIP = NO;
				DEBUG_INFORMATION_FORMAT = dwarf;
				ENABLE_STRICT_OBJC_MSGSEND = YES;
				ENABLE_TESTABILITY = YES;
				GCC_C_LANGUAGE_STANDARD = gnu11;
				GCC_DYNAMIC_NO_PIC = NO;
				GCC_NO_COMMON_BLOCKS = YES;
				GCC_OPTIMIZATION_LEVEL = 0;
				GCC_PREPROCESSOR_DEFINITIONS = (
					"DEBUG=1",
					"$(inherited)",
				);
				GCC_WARN_64_TO_32_BIT_CONVERSION = YES;
				GCC_WARN_ABOUT_RETURN_TYPE = YES_ERROR;
				GCC_WARN_UNDECLARED_SELECTOR = YES;
				GCC_WARN_UNINITIALIZED_AUTOS = YES_AGGRESSIVE;
				GCC_WARN_UNUSED_FUNCTION = YES;
				GCC_WARN_UNUSED_VARIABLE = YES;
				IPHONEOS_DEPLOYMENT_TARGET = 14.0;
				MTL_ENABLE_DEBUG_INFO = INCLUDE_SOURCE;
				MTL_FAST_MATH = YES;
				ONLY_ACTIVE_ARCH = YES;
				SDKROOT = iphoneos;
				SWIFT_ACTIVE_COMPILATION_CONDITIONS = DEBUG;
				SWIFT_OPTIMIZATION_LEVEL = "-Onone";
			};
			name = Debug;
		};
		E163E02B24628B6000877D07 /* Release */ = {
			isa = XCBuildConfiguration;
			buildSettings = {
				ALWAYS_SEARCH_USER_PATHS = NO;
				CLANG_ANALYZER_NONNULL = YES;
				CLANG_ANALYZER_NUMBER_OBJECT_CONVERSION = YES_AGGRESSIVE;
				CLANG_CXX_LANGUAGE_STANDARD = "gnu++14";
				CLANG_CXX_LIBRARY = "libc++";
				CLANG_ENABLE_MODULES = YES;
				CLANG_ENABLE_OBJC_ARC = YES;
				CLANG_ENABLE_OBJC_WEAK = YES;
				CLANG_WARN_BLOCK_CAPTURE_AUTORELEASING = YES;
				CLANG_WARN_BOOL_CONVERSION = YES;
				CLANG_WARN_COMMA = YES;
				CLANG_WARN_CONSTANT_CONVERSION = YES;
				CLANG_WARN_DEPRECATED_OBJC_IMPLEMENTATIONS = YES;
				CLANG_WARN_DIRECT_OBJC_ISA_USAGE = YES_ERROR;
				CLANG_WARN_DOCUMENTATION_COMMENTS = YES;
				CLANG_WARN_EMPTY_BODY = YES;
				CLANG_WARN_ENUM_CONVERSION = YES;
				CLANG_WARN_INFINITE_RECURSION = YES;
				CLANG_WARN_INT_CONVERSION = YES;
				CLANG_WARN_NON_LITERAL_NULL_CONVERSION = YES;
				CLANG_WARN_OBJC_IMPLICIT_RETAIN_SELF = YES;
				CLANG_WARN_OBJC_LITERAL_CONVERSION = YES;
				CLANG_WARN_OBJC_ROOT_CLASS = YES_ERROR;
				CLANG_WARN_QUOTED_INCLUDE_IN_FRAMEWORK_HEADER = YES;
				CLANG_WARN_RANGE_LOOP_ANALYSIS = YES;
				CLANG_WARN_STRICT_PROTOTYPES = YES;
				CLANG_WARN_SUSPICIOUS_MOVE = YES;
				CLANG_WARN_UNGUARDED_AVAILABILITY = YES_AGGRESSIVE;
				CLANG_WARN_UNREACHABLE_CODE = YES;
				CLANG_WARN__DUPLICATE_METHOD_MATCH = YES;
				COPY_PHASE_STRIP = NO;
				DEBUG_INFORMATION_FORMAT = "dwarf-with-dsym";
				ENABLE_NS_ASSERTIONS = NO;
				ENABLE_STRICT_OBJC_MSGSEND = YES;
				GCC_C_LANGUAGE_STANDARD = gnu11;
				GCC_NO_COMMON_BLOCKS = YES;
				GCC_WARN_64_TO_32_BIT_CONVERSION = YES;
				GCC_WARN_ABOUT_RETURN_TYPE = YES_ERROR;
				GCC_WARN_UNDECLARED_SELECTOR = YES;
				GCC_WARN_UNINITIALIZED_AUTOS = YES_AGGRESSIVE;
				GCC_WARN_UNUSED_FUNCTION = YES;
				GCC_WARN_UNUSED_VARIABLE = YES;
				IPHONEOS_DEPLOYMENT_TARGET = 14.0;
				MTL_ENABLE_DEBUG_INFO = NO;
				MTL_FAST_MATH = YES;
				SDKROOT = iphoneos;
				SWIFT_COMPILATION_MODE = wholemodule;
				SWIFT_OPTIMIZATION_LEVEL = "-O";
				VALIDATE_PRODUCT = YES;
			};
			name = Release;
		};
		E163E02D24628B6000877D07 /* Debug */ = {
			isa = XCBuildConfiguration;
			baseConfigurationReference = 380BD3F4FBBB9AD69CD78B45 /* Pods-ForReal.debug.xcconfig */;
			buildSettings = {
				ASSETCATALOG_COMPILER_APPICON_NAME = AppIcon;
				CLANG_ENABLE_MODULES = YES;
				CODE_SIGN_ENTITLEMENTS = ForReal/ForReal.entitlements;
				CODE_SIGN_IDENTITY = "Apple Development";
				CODE_SIGN_STYLE = Automatic;
				DEVELOPMENT_TEAM = 5HU3PYYHUU;
				INFOPLIST_FILE = ForReal/Info.plist;
				LD_RUNPATH_SEARCH_PATHS = (
					"$(inherited)",
					"@executable_path/Frameworks",
				);
				PRODUCT_BUNDLE_IDENTIFIER = "Jack-Mazza.HealthApp";
				PRODUCT_NAME = "$(TARGET_NAME)";
				SWIFT_OPTIMIZATION_LEVEL = "-Onone";
				SWIFT_VERSION = 5.0;
				TARGETED_DEVICE_FAMILY = "1,2";
			};
			name = Debug;
		};
		E163E02E24628B6000877D07 /* Release */ = {
			isa = XCBuildConfiguration;
			baseConfigurationReference = 794B7B69CBAE2C4B48A6BB95 /* Pods-ForReal.release.xcconfig */;
			buildSettings = {
				ASSETCATALOG_COMPILER_APPICON_NAME = AppIcon;
				CLANG_ENABLE_MODULES = YES;
				CODE_SIGN_ENTITLEMENTS = ForReal/ForReal.entitlements;
				CODE_SIGN_IDENTITY = "Apple Development";
				CODE_SIGN_STYLE = Automatic;
				DEVELOPMENT_TEAM = 5HU3PYYHUU;
				INFOPLIST_FILE = ForReal/Info.plist;
				LD_RUNPATH_SEARCH_PATHS = (
					"$(inherited)",
					"@executable_path/Frameworks",
				);
				PRODUCT_BUNDLE_IDENTIFIER = "Jack-Mazza.HealthApp";
				PRODUCT_NAME = "$(TARGET_NAME)";
				SWIFT_VERSION = 5.0;
				TARGETED_DEVICE_FAMILY = "1,2";
			};
			name = Release;
		};
		E163E03024628B6000877D07 /* Debug */ = {
			isa = XCBuildConfiguration;
			buildSettings = {
				ALWAYS_EMBED_SWIFT_STANDARD_LIBRARIES = YES;
				BUNDLE_LOADER = "$(TEST_HOST)";
				CODE_SIGN_STYLE = Automatic;
				DEVELOPMENT_TEAM = 5HU3PYYHUU;
				INFOPLIST_FILE = ForRealTests/Info.plist;
				IPHONEOS_DEPLOYMENT_TARGET = 13.2;
				LD_RUNPATH_SEARCH_PATHS = (
					"$(inherited)",
					"@executable_path/Frameworks",
					"@loader_path/Frameworks",
				);
				PRODUCT_BUNDLE_IDENTIFIER = com.jackMazza.ForRealTests;
				PRODUCT_NAME = "$(TARGET_NAME)";
				SWIFT_VERSION = 5.0;
				TARGETED_DEVICE_FAMILY = "1,2";
				TEST_HOST = "$(BUILT_PRODUCTS_DIR)/ForReal.app/ForReal";
			};
			name = Debug;
		};
		E163E03124628B6000877D07 /* Release */ = {
			isa = XCBuildConfiguration;
			buildSettings = {
				ALWAYS_EMBED_SWIFT_STANDARD_LIBRARIES = YES;
				BUNDLE_LOADER = "$(TEST_HOST)";
				CODE_SIGN_STYLE = Automatic;
				DEVELOPMENT_TEAM = 5HU3PYYHUU;
				INFOPLIST_FILE = ForRealTests/Info.plist;
				IPHONEOS_DEPLOYMENT_TARGET = 13.2;
				LD_RUNPATH_SEARCH_PATHS = (
					"$(inherited)",
					"@executable_path/Frameworks",
					"@loader_path/Frameworks",
				);
				PRODUCT_BUNDLE_IDENTIFIER = com.jackMazza.ForRealTests;
				PRODUCT_NAME = "$(TARGET_NAME)";
				SWIFT_VERSION = 5.0;
				TARGETED_DEVICE_FAMILY = "1,2";
				TEST_HOST = "$(BUILT_PRODUCTS_DIR)/ForReal.app/ForReal";
			};
			name = Release;
		};
		E163E03324628B6000877D07 /* Debug */ = {
			isa = XCBuildConfiguration;
			buildSettings = {
				ALWAYS_EMBED_SWIFT_STANDARD_LIBRARIES = YES;
				CODE_SIGN_STYLE = Automatic;
				DEVELOPMENT_TEAM = 5HU3PYYHUU;
				INFOPLIST_FILE = ForRealUITests/Info.plist;
				LD_RUNPATH_SEARCH_PATHS = (
					"$(inherited)",
					"@executable_path/Frameworks",
					"@loader_path/Frameworks",
				);
				PRODUCT_BUNDLE_IDENTIFIER = com.jackMazza.ForRealUITests;
				PRODUCT_NAME = "$(TARGET_NAME)";
				SWIFT_VERSION = 5.0;
				TARGETED_DEVICE_FAMILY = "1,2";
				TEST_TARGET_NAME = ForReal;
			};
			name = Debug;
		};
		E163E03424628B6000877D07 /* Release */ = {
			isa = XCBuildConfiguration;
			buildSettings = {
				ALWAYS_EMBED_SWIFT_STANDARD_LIBRARIES = YES;
				CODE_SIGN_STYLE = Automatic;
				DEVELOPMENT_TEAM = 5HU3PYYHUU;
				INFOPLIST_FILE = ForRealUITests/Info.plist;
				LD_RUNPATH_SEARCH_PATHS = (
					"$(inherited)",
					"@executable_path/Frameworks",
					"@loader_path/Frameworks",
				);
				PRODUCT_BUNDLE_IDENTIFIER = com.jackMazza.ForRealUITests;
				PRODUCT_NAME = "$(TARGET_NAME)";
				SWIFT_VERSION = 5.0;
				TARGETED_DEVICE_FAMILY = "1,2";
				TEST_TARGET_NAME = ForReal;
			};
			name = Release;
		};
/* End XCBuildConfiguration section */

/* Begin XCConfigurationList section */
		E163DFFD24628B5F00877D07 /* Build configuration list for PBXProject "ForReal" */ = {
			isa = XCConfigurationList;
			buildConfigurations = (
				E163E02A24628B6000877D07 /* Debug */,
				E163E02B24628B6000877D07 /* Release */,
			);
			defaultConfigurationIsVisible = 0;
			defaultConfigurationName = Release;
		};
		E163E02C24628B6000877D07 /* Build configuration list for PBXNativeTarget "ForReal" */ = {
			isa = XCConfigurationList;
			buildConfigurations = (
				E163E02D24628B6000877D07 /* Debug */,
				E163E02E24628B6000877D07 /* Release */,
			);
			defaultConfigurationIsVisible = 0;
			defaultConfigurationName = Release;
		};
		E163E02F24628B6000877D07 /* Build configuration list for PBXNativeTarget "ForRealTests" */ = {
			isa = XCConfigurationList;
			buildConfigurations = (
				E163E03024628B6000877D07 /* Debug */,
				E163E03124628B6000877D07 /* Release */,
			);
			defaultConfigurationIsVisible = 0;
			defaultConfigurationName = Release;
		};
		E163E03224628B6000877D07 /* Build configuration list for PBXNativeTarget "ForRealUITests" */ = {
			isa = XCConfigurationList;
			buildConfigurations = (
				E163E03324628B6000877D07 /* Debug */,
				E163E03424628B6000877D07 /* Release */,
			);
			defaultConfigurationIsVisible = 0;
			defaultConfigurationName = Release;
		};
/* End XCConfigurationList section */
	};
	rootObject = E163DFFA24628B5F00877D07 /* Project object */;
}
