// !$*UTF8*$!
{
	archiveVersion = 1;
	classes = {
	};
	objectVersion = 51;
	objects = {

/* Begin PBXBuildFile section */
		14C1D3716E0ACC66712CD057 /* Pods_Tele_Health_Data_Transfer.framework in Frameworks */ = {isa = PBXBuildFile; fileRef = 30B78E718B54C0DF2E7E8019 /* Pods_Tele_Health_Data_Transfer.framework */; };
		E1142691252EB6AF00B83B84 /* LoginViewController.swift in Sources */ = {isa = PBXBuildFile; fileRef = E1142690252EB6AF00B83B84 /* LoginViewController.swift */; };
		E11E1ACD255BA9C100B1AD74 /* Main.storyboard in Resources */ = {isa = PBXBuildFile; fileRef = E11E1ACB255BA9C100B1AD74 /* Main.storyboard */; };
		E11E1AD3255BA9EA00B1AD74 /* LaunchScreen.storyboard in Resources */ = {isa = PBXBuildFile; fileRef = E11E1AD1255BA9EA00B1AD74 /* LaunchScreen.storyboard */; };
		E11E1AD8255BAA6400B1AD74 /* GoogleService-Info 11.11.41 PM.plist in Resources */ = {isa = PBXBuildFile; fileRef = E11E1AD7255BAA6400B1AD74 /* GoogleService-Info 11.11.41 PM.plist */; };
		E11E1AE0255BAAC000B1AD74 /* Date+ToString.swift in Sources */ = {isa = PBXBuildFile; fileRef = E11E1ADF255BAABF00B1AD74 /* Date+ToString.swift */; };
		E1388694254CA9DE0029BB3A /* Images.xcassets in Resources */ = {isa = PBXBuildFile; fileRef = E1388693254CA9DE0029BB3A /* Images.xcassets */; };
		E13F272D2534AD94005DC374 /* SAButton.swift in Sources */ = {isa = PBXBuildFile; fileRef = E13F272C2534AD94005DC374 /* SAButton.swift */; };
		E163E03824628B6800877D07 /* HealthKit.framework in Frameworks */ = {isa = PBXBuildFile; fileRef = E163E03724628B6800877D07 /* HealthKit.framework */; };
		E163E04124628BD300877D07 /* SceneDelegate.swift in Sources */ = {isa = PBXBuildFile; fileRef = E163E03B24628BD300877D07 /* SceneDelegate.swift */; };
		E163E04324628BD300877D07 /* AppDelegate.swift in Sources */ = {isa = PBXBuildFile; fileRef = E163E03E24628BD300877D07 /* AppDelegate.swift */; };
		E163E05324628E0300877D07 /* ViewController.swift in Sources */ = {isa = PBXBuildFile; fileRef = E163E05224628E0300877D07 /* ViewController.swift */; };
/* End PBXBuildFile section */

/* Begin PBXContainerItemProxy section */
		E163E01924628B6000877D07 /* PBXContainerItemProxy */ = {
			isa = PBXContainerItemProxy;
			containerPortal = E163DFFA24628B5F00877D07 /* Project object */;
			proxyType = 1;
			remoteGlobalIDString = E163E00124628B5F00877D07;
			remoteInfo = ForReal;
		};
		E163E02424628B6000877D07 /* PBXContainerItemProxy */ = {
			isa = PBXContainerItemProxy;
			containerPortal = E163DFFA24628B5F00877D07 /* Project object */;
			proxyType = 1;
			remoteGlobalIDString = E163E00124628B5F00877D07;
			remoteInfo = ForReal;
		};
/* End PBXContainerItemProxy section */

/* Begin PBXFileReference section */
		305900D2A30478A4E55C8F86 /* Pods-Tele-Health Data Transfer.release.xcconfig */ = {isa = PBXFileReference; includeInIndex = 1; lastKnownFileType = text.xcconfig; name = "Pods-Tele-Health Data Transfer.release.xcconfig"; path = "Target Support Files/Pods-Tele-Health Data Transfer/Pods-Tele-Health Data Transfer.release.xcconfig"; sourceTree = "<group>"; };
		30B78E718B54C0DF2E7E8019 /* Pods_Tele_Health_Data_Transfer.framework */ = {isa = PBXFileReference; explicitFileType = wrapper.framework; includeInIndex = 0; path = Pods_Tele_Health_Data_Transfer.framework; sourceTree = BUILT_PRODUCTS_DIR; };
		704CA8CE8F4455AE17902092 /* Pods-Tele-Health Data Transfer.debug.xcconfig */ = {isa = PBXFileReference; includeInIndex = 1; lastKnownFileType = text.xcconfig; name = "Pods-Tele-Health Data Transfer.debug.xcconfig"; path = "Target Support Files/Pods-Tele-Health Data Transfer/Pods-Tele-Health Data Transfer.debug.xcconfig"; sourceTree = "<group>"; };
		E1142690252EB6AF00B83B84 /* LoginViewController.swift */ = {isa = PBXFileReference; lastKnownFileType = sourcecode.swift; path = LoginViewController.swift; sourceTree = "<group>"; };
		E11E1ACC255BA9C100B1AD74 /* Base */ = {isa = PBXFileReference; lastKnownFileType = file.storyboard; name = Base; path = Base.lproj/Main.storyboard; sourceTree = "<group>"; };
		E11E1AD2255BA9EA00B1AD74 /* Base */ = {isa = PBXFileReference; lastKnownFileType = file.storyboard; name = Base; path = Base.lproj/LaunchScreen.storyboard; sourceTree = "<group>"; };
		E11E1AD7255BAA6400B1AD74 /* GoogleService-Info 11.11.41 PM.plist */ = {isa = PBXFileReference; fileEncoding = 4; lastKnownFileType = text.plist.xml; path = "GoogleService-Info 11.11.41 PM.plist"; sourceTree = "<group>"; };
		E11E1ADF255BAABF00B1AD74 /* Date+ToString.swift */ = {isa = PBXFileReference; fileEncoding = 4; lastKnownFileType = sourcecode.swift; path = "Date+ToString.swift"; sourceTree = "<group>"; };
		E1388693254CA9DE0029BB3A /* Images.xcassets */ = {isa = PBXFileReference; lastKnownFileType = folder.assetcatalog; path = Images.xcassets; sourceTree = "<group>"; };
		E13F272C2534AD94005DC374 /* SAButton.swift */ = {isa = PBXFileReference; lastKnownFileType = sourcecode.swift; path = SAButton.swift; sourceTree = "<group>"; };
		E163E00224628B5F00877D07 /* Tele-Health Data Transfer.app */ = {isa = PBXFileReference; explicitFileType = wrapper.application; includeInIndex = 0; path = "Tele-Health Data Transfer.app"; sourceTree = BUILT_PRODUCTS_DIR; };
		E163E01324628B5F00877D07 /* Info.plist */ = {isa = PBXFileReference; lastKnownFileType = text.plist.xml; path = Info.plist; sourceTree = "<group>"; };
		E163E01824628B6000877D07 /* Tele-Health Data TransferTests.xctest */ = {isa = PBXFileReference; explicitFileType = wrapper.cfbundle; includeInIndex = 0; path = "Tele-Health Data TransferTests.xctest"; sourceTree = BUILT_PRODUCTS_DIR; };
		E163E02324628B6000877D07 /* Tele-Health Data TransferUITests.xctest */ = {isa = PBXFileReference; explicitFileType = wrapper.cfbundle; includeInIndex = 0; path = "Tele-Health Data TransferUITests.xctest"; sourceTree = BUILT_PRODUCTS_DIR; };
		E163E03524628B6800877D07 /* ForReal.entitlements */ = {isa = PBXFileReference; lastKnownFileType = text.plist.entitlements; path = ForReal.entitlements; sourceTree = "<group>"; };
		E163E03724628B6800877D07 /* HealthKit.framework */ = {isa = PBXFileReference; lastKnownFileType = wrapper.framework; name = HealthKit.framework; path = System/Library/Frameworks/HealthKit.framework; sourceTree = SDKROOT; };
		E163E03B24628BD300877D07 /* SceneDelegate.swift */ = {isa = PBXFileReference; fileEncoding = 4; lastKnownFileType = sourcecode.swift; name = SceneDelegate.swift; path = ../../ThisIsTheOne/ThisIsTheOne/SceneDelegate.swift; sourceTree = "<group>"; };
		E163E03E24628BD300877D07 /* AppDelegate.swift */ = {isa = PBXFileReference; fileEncoding = 4; lastKnownFileType = sourcecode.swift; name = AppDelegate.swift; path = ../../ThisIsTheOne/ThisIsTheOne/AppDelegate.swift; sourceTree = "<group>"; };
		E163E05224628E0300877D07 /* ViewController.swift */ = {isa = PBXFileReference; fileEncoding = 4; lastKnownFileType = sourcecode.swift; path = ViewController.swift; sourceTree = "<group>"; };
/* End PBXFileReference section */

/* Begin PBXFrameworksBuildPhase section */
		E163DFFF24628B5F00877D07 /* Frameworks */ = {
			isa = PBXFrameworksBuildPhase;
			buildActionMask = 2147483647;
			files = (
				E163E03824628B6800877D07 /* HealthKit.framework in Frameworks */,
				14C1D3716E0ACC66712CD057 /* Pods_Tele_Health_Data_Transfer.framework in Frameworks */,
			);
			runOnlyForDeploymentPostprocessing = 0;
		};
		E163E01524628B6000877D07 /* Frameworks */ = {
			isa = PBXFrameworksBuildPhase;
			buildActionMask = 2147483647;
			files = (
			);
			runOnlyForDeploymentPostprocessing = 0;
		};
		E163E02024628B6000877D07 /* Frameworks */ = {
			isa = PBXFrameworksBuildPhase;
			buildActionMask = 2147483647;
			files = (
			);
			runOnlyForDeploymentPostprocessing = 0;
		};
/* End PBXFrameworksBuildPhase section */

/* Begin PBXGroup section */
		E163DFF924628B5F00877D07 = {
			isa = PBXGroup;
			children = (
				E163E00424628B5F00877D07 /* Tele-Health Data Transfer */,
				E163E00324628B5F00877D07 /* Products */,
				E163E03624628B6800877D07 /* Frameworks */,
				E472C69D0DA76FBB48F4FD10 /* Pods */,
			);
			sourceTree = "<group>";
		};
		E163E00324628B5F00877D07 /* Products */ = {
			isa = PBXGroup;
			children = (
				E163E00224628B5F00877D07 /* Tele-Health Data Transfer.app */,
				E163E01824628B6000877D07 /* Tele-Health Data TransferTests.xctest */,
				E163E02324628B6000877D07 /* Tele-Health Data TransferUITests.xctest */,
			);
			name = Products;
			sourceTree = "<group>";
		};
		E163E00424628B5F00877D07 /* Tele-Health Data Transfer */ = {
			isa = PBXGroup;
			children = (
				E11E1ADF255BAABF00B1AD74 /* Date+ToString.swift */,
				E11E1AD1255BA9EA00B1AD74 /* LaunchScreen.storyboard */,
				E11E1ACB255BA9C100B1AD74 /* Main.storyboard */,
				E163E03524628B6800877D07 /* ForReal.entitlements */,
				E163E03E24628BD300877D07 /* AppDelegate.swift */,
				E163E03B24628BD300877D07 /* SceneDelegate.swift */,
				E11E1AD7255BAA6400B1AD74 /* GoogleService-Info 11.11.41 PM.plist */,
				E163E05224628E0300877D07 /* ViewController.swift */,
				E1142690252EB6AF00B83B84 /* LoginViewController.swift */,
				E163E01324628B5F00877D07 /* Info.plist */,
				E13F272C2534AD94005DC374 /* SAButton.swift */,
				E1388693254CA9DE0029BB3A /* Images.xcassets */,
			);
			path = "Tele-Health Data Transfer";
			sourceTree = "<group>";
		};
		E163E03624628B6800877D07 /* Frameworks */ = {
			isa = PBXGroup;
			children = (
				E163E03724628B6800877D07 /* HealthKit.framework */,
				30B78E718B54C0DF2E7E8019 /* Pods_Tele_Health_Data_Transfer.framework */,
			);
			name = Frameworks;
			sourceTree = "<group>";
		};
		E472C69D0DA76FBB48F4FD10 /* Pods */ = {
			isa = PBXGroup;
			children = (
				704CA8CE8F4455AE17902092 /* Pods-Tele-Health Data Transfer.debug.xcconfig */,
				305900D2A30478A4E55C8F86 /* Pods-Tele-Health Data Transfer.release.xcconfig */,
			);
			path = Pods;
			sourceTree = "<group>";
		};
/* End PBXGroup section */

/* Begin PBXNativeTarget section */
		E163E00124628B5F00877D07 /* Tele-Health Data Transfer */ = {
			isa = PBXNativeTarget;
			buildConfigurationList = E163E02C24628B6000877D07 /* Build configuration list for PBXNativeTarget "Tele-Health Data Transfer" */;
			buildPhases = (
				B68FAEBF4974ED5C34CF61FB /* [CP] Check Pods Manifest.lock */,
				E163DFFE24628B5F00877D07 /* Sources */,
				E163DFFF24628B5F00877D07 /* Frameworks */,
				E163E00024628B5F00877D07 /* Resources */,
				2121CBAA4F38F003F84A35F0 /* [CP] Embed Pods Frameworks */,
				C97DC5398BC291A2C263A4A1 /* [CP] Copy Pods Resources */,
			);
			buildRules = (
			);
			dependencies = (
			);
			name = "Tele-Health Data Transfer";
			productName = ForReal;
			productReference = E163E00224628B5F00877D07 /* Tele-Health Data Transfer.app */;
			productType = "com.apple.product-type.application";
		};
		E163E01724628B6000877D07 /* Tele-Health Data TransferTests */ = {
			isa = PBXNativeTarget;
			buildConfigurationList = E163E02F24628B6000877D07 /* Build configuration list for PBXNativeTarget "Tele-Health Data TransferTests" */;
			buildPhases = (
				E163E01424628B6000877D07 /* Sources */,
				E163E01524628B6000877D07 /* Frameworks */,
				E163E01624628B6000877D07 /* Resources */,
			);
			buildRules = (
			);
			dependencies = (
				E163E01A24628B6000877D07 /* PBXTargetDependency */,
			);
			name = "Tele-Health Data TransferTests";
			productName = ForRealTests;
			productReference = E163E01824628B6000877D07 /* Tele-Health Data TransferTests.xctest */;
			productType = "com.apple.product-type.bundle.unit-test";
		};
		E163E02224628B6000877D07 /* Tele-Health Data TransferUITests */ = {
			isa = PBXNativeTarget;
			buildConfigurationList = E163E03224628B6000877D07 /* Build configuration list for PBXNativeTarget "Tele-Health Data TransferUITests" */;
			buildPhases = (
				E163E01F24628B6000877D07 /* Sources */,
				E163E02024628B6000877D07 /* Frameworks */,
				E163E02124628B6000877D07 /* Resources */,
			);
			buildRules = (
			);
			dependencies = (
				E163E02524628B6000877D07 /* PBXTargetDependency */,
			);
			name = "Tele-Health Data TransferUITests";
			productName = ForRealUITests;
			productReference = E163E02324628B6000877D07 /* Tele-Health Data TransferUITests.xctest */;
			productType = "com.apple.product-type.bundle.ui-testing";
		};
/* End PBXNativeTarget section */

/* Begin PBXProject section */
		E163DFFA24628B5F00877D07 /* Project object */ = {
			isa = PBXProject;
			attributes = {
				LastSwiftUpdateCheck = 1130;
				LastUpgradeCheck = 1200;
				ORGANIZATIONNAME = "Jack Mazza";
				TargetAttributes = {
					E163E00124628B5F00877D07 = {
						CreatedOnToolsVersion = 11.3;
						LastSwiftMigration = 1130;
					};
					E163E01724628B6000877D07 = {
						CreatedOnToolsVersion = 11.3;
						TestTargetID = E163E00124628B5F00877D07;
					};
					E163E02224628B6000877D07 = {
						CreatedOnToolsVersion = 11.3;
						TestTargetID = E163E00124628B5F00877D07;
					};
				};
			};
			buildConfigurationList = E163DFFD24628B5F00877D07 /* Build configuration list for PBXProject "Tele-Health Data Transfer" */;
			compatibilityVersion = "Xcode 9.3";
			developmentRegion = en;
			hasScannedForEncodings = 0;
			knownRegions = (
				en,
				Base,
			);
			mainGroup = E163DFF924628B5F00877D07;
			productRefGroup = E163E00324628B5F00877D07 /* Products */;
			projectDirPath = "";
			projectRoot = "";
			targets = (
				E163E00124628B5F00877D07 /* Tele-Health Data Transfer */,
				E163E01724628B6000877D07 /* Tele-Health Data TransferTests */,
				E163E02224628B6000877D07 /* Tele-Health Data TransferUITests */,
			);
		};
/* End PBXProject section */

/* Begin PBXResourcesBuildPhase section */
		E163E00024628B5F00877D07 /* Resources */ = {
			isa = PBXResourcesBuildPhase;
			buildActionMask = 2147483647;
			files = (
				E11E1ACD255BA9C100B1AD74 /* Main.storyboard in Resources */,
				E11E1AD3255BA9EA00B1AD74 /* LaunchScreen.storyboard in Resources */,
				E1388694254CA9DE0029BB3A /* Images.xcassets in Resources */,
				E11E1AD8255BAA6400B1AD74 /* GoogleService-Info 11.11.41 PM.plist in Resources */,
			);
			runOnlyForDeploymentPostprocessing = 0;
		};
		E163E01624628B6000877D07 /* Resources */ = {
			isa = PBXResourcesBuildPhase;
			buildActionMask = 2147483647;
			files = (
			);
			runOnlyForDeploymentPostprocessing = 0;
		};
		E163E02124628B6000877D07 /* Resources */ = {
			isa = PBXResourcesBuildPhase;
			buildActionMask = 2147483647;
			files = (
			);
			runOnlyForDeploymentPostprocessing = 0;
		};
/* End PBXResourcesBuildPhase section */

/* Begin PBXShellScriptBuildPhase section */
		2121CBAA4F38F003F84A35F0 /* [CP] Embed Pods Frameworks */ = {
			isa = PBXShellScriptBuildPhase;
			buildActionMask = 2147483647;
			files = (
			);
			inputFileListPaths = (
				"${PODS_ROOT}/Target Support Files/Pods-Tele-Health Data Transfer/Pods-Tele-Health Data Transfer-frameworks-${CONFIGURATION}-input-files.xcfilelist",
			);
			name = "[CP] Embed Pods Frameworks";
			outputFileListPaths = (
				"${PODS_ROOT}/Target Support Files/Pods-Tele-Health Data Transfer/Pods-Tele-Health Data Transfer-frameworks-${CONFIGURATION}-output-files.xcfilelist",
			);
			runOnlyForDeploymentPostprocessing = 0;
			shellPath = /bin/sh;
			shellScript = "\"${PODS_ROOT}/Target Support Files/Pods-Tele-Health Data Transfer/Pods-Tele-Health Data Transfer-frameworks.sh\"\n";
			showEnvVarsInLog = 0;
		};
		B68FAEBF4974ED5C34CF61FB /* [CP] Check Pods Manifest.lock */ = {
			isa = PBXShellScriptBuildPhase;
			buildActionMask = 2147483647;
			files = (
			);
			inputFileListPaths = (
			);
			inputPaths = (
				"${PODS_PODFILE_DIR_PATH}/Podfile.lock",
				"${PODS_ROOT}/Manifest.lock",
			);
			name = "[CP] Check Pods Manifest.lock";
			outputFileListPaths = (
			);
			outputPaths = (
				"$(DERIVED_FILE_DIR)/Pods-Tele-Health Data Transfer-checkManifestLockResult.txt",
			);
			runOnlyForDeploymentPostprocessing = 0;
			shellPath = /bin/sh;
			shellScript = "diff \"${PODS_PODFILE_DIR_PATH}/Podfile.lock\" \"${PODS_ROOT}/Manifest.lock\" > /dev/null\nif [ $? != 0 ] ; then\n    # print error to STDERR\n    echo \"error: The sandbox is not in sync with the Podfile.lock. Run 'pod install' or update your CocoaPods installation.\" >&2\n    exit 1\nfi\n# This output is used by Xcode 'outputs' to avoid re-running this script phase.\necho \"SUCCESS\" > \"${SCRIPT_OUTPUT_FILE_0}\"\n";
			showEnvVarsInLog = 0;
		};
		C97DC5398BC291A2C263A4A1 /* [CP] Copy Pods Resources */ = {
			isa = PBXShellScriptBuildPhase;
			buildActionMask = 2147483647;
			files = (
			);
			inputFileListPaths = (
				"${PODS_ROOT}/Target Support Files/Pods-Tele-Health Data Transfer/Pods-Tele-Health Data Transfer-resources-${CONFIGURATION}-input-files.xcfilelist",
			);
			name = "[CP] Copy Pods Resources";
			outputFileListPaths = (
				"${PODS_ROOT}/Target Support Files/Pods-Tele-Health Data Transfer/Pods-Tele-Health Data Transfer-resources-${CONFIGURATION}-output-files.xcfilelist",
			);
			runOnlyForDeploymentPostprocessing = 0;
			shellPath = /bin/sh;
			shellScript = "\"${PODS_ROOT}/Target Support Files/Pods-Tele-Health Data Transfer/Pods-Tele-Health Data Transfer-resources.sh\"\n";
			showEnvVarsInLog = 0;
		};
/* End PBXShellScriptBuildPhase section */

/* Begin PBXSourcesBuildPhase section */
		E163DFFE24628B5F00877D07 /* Sources */ = {
			isa = PBXSourcesBuildPhase;
			buildActionMask = 2147483647;
			files = (
				E163E04324628BD300877D07 /* AppDelegate.swift in Sources */,
				E13F272D2534AD94005DC374 /* SAButton.swift in Sources */,
				E163E05324628E0300877D07 /* ViewController.swift in Sources */,
				E11E1AE0255BAAC000B1AD74 /* Date+ToString.swift in Sources */,
				E1142691252EB6AF00B83B84 /* LoginViewController.swift in Sources */,
				E163E04124628BD300877D07 /* SceneDelegate.swift in Sources */,
			);
			runOnlyForDeploymentPostprocessing = 0;
		};
		E163E01424628B6000877D07 /* Sources */ = {
			isa = PBXSourcesBuildPhase;
			buildActionMask = 2147483647;
			files = (
			);
			runOnlyForDeploymentPostprocessing = 0;
		};
		E163E01F24628B6000877D07 /* Sources */ = {
			isa = PBXSourcesBuildPhase;
			buildActionMask = 2147483647;
			files = (
			);
			runOnlyForDeploymentPostprocessing = 0;
		};
/* End PBXSourcesBuildPhase section */

/* Begin PBXTargetDependency section */
		E163E01A24628B6000877D07 /* PBXTargetDependency */ = {
			isa = PBXTargetDependency;
			target = E163E00124628B5F00877D07 /* Tele-Health Data Transfer */;
			targetProxy = E163E01924628B6000877D07 /* PBXContainerItemProxy */;
		};
		E163E02524628B6000877D07 /* PBXTargetDependency */ = {
			isa = PBXTargetDependency;
			target = E163E00124628B5F00877D07 /* Tele-Health Data Transfer */;
			targetProxy = E163E02424628B6000877D07 /* PBXContainerItemProxy */;
		};
/* End PBXTargetDependency section */

/* Begin PBXVariantGroup section */
		E11E1ACB255BA9C100B1AD74 /* Main.storyboard */ = {
			isa = PBXVariantGroup;
			children = (
				E11E1ACC255BA9C100B1AD74 /* Base */,
			);
			name = Main.storyboard;
			sourceTree = "<group>";
		};
		E11E1AD1255BA9EA00B1AD74 /* LaunchScreen.storyboard */ = {
			isa = PBXVariantGroup;
			children = (
				E11E1AD2255BA9EA00B1AD74 /* Base */,
			);
			name = LaunchScreen.storyboard;
			sourceTree = "<group>";
		};
/* End PBXVariantGroup section */

/* Begin XCBuildConfiguration section */
		E163E02A24628B6000877D07 /* Debug */ = {
			isa = XCBuildConfiguration;
			buildSettings = {
				ALWAYS_SEARCH_USER_PATHS = NO;
				CLANG_ANALYZER_NONNULL = YES;
				CLANG_ANALYZER_NUMBER_OBJECT_CONVERSION = YES_AGGRESSIVE;
				CLANG_CXX_LANGUAGE_STANDARD = "gnu++14";
				CLANG_CXX_LIBRARY = "libc++";
				CLANG_ENABLE_MODULES = YES;
				CLANG_ENABLE_OBJC_ARC = YES;
				CLANG_ENABLE_OBJC_WEAK = YES;
				CLANG_WARN_BLOCK_CAPTURE_AUTORELEASING = YES;
				CLANG_WARN_BOOL_CONVERSION = YES;
				CLANG_WARN_COMMA = YES;
				CLANG_WARN_CONSTANT_CONVERSION = YES;
				CLANG_WARN_DEPRECATED_OBJC_IMPLEMENTATIONS = YES;
				CLANG_WARN_DIRECT_OBJC_ISA_USAGE = YES_ERROR;
				CLANG_WARN_DOCUMENTATION_COMMENTS = YES;
				CLANG_WARN_EMPTY_BODY = YES;
				CLANG_WARN_ENUM_CONVERSION = YES;
				CLANG_WARN_INFINITE_RECURSION = YES;
				CLANG_WARN_INT_CONVERSION = YES;
				CLANG_WARN_NON_LITERAL_NULL_CONVERSION = YES;
				CLANG_WARN_OBJC_IMPLICIT_RETAIN_SELF = YES;
				CLANG_WARN_OBJC_LITERAL_CONVERSION = YES;
				CLANG_WARN_OBJC_ROOT_CLASS = YES_ERROR;
				CLANG_WARN_QUOTED_INCLUDE_IN_FRAMEWORK_HEADER = YES;
				CLANG_WARN_RANGE_LOOP_ANALYSIS = YES;
				CLANG_WARN_STRICT_PROTOTYPES = YES;
				CLANG_WARN_SUSPICIOUS_MOVE = YES;
				CLANG_WARN_UNGUARDED_AVAILABILITY = YES_AGGRESSIVE;
				CLANG_WARN_UNREACHABLE_CODE = YES;
				CLANG_WARN__DUPLICATE_METHOD_MATCH = YES;
				COPY_PHASE_STRIP = NO;
				DEBUG_INFORMATION_FORMAT = dwarf;
				ENABLE_STRICT_OBJC_MSGSEND = YES;
				ENABLE_TESTABILITY = YES;
				GCC_C_LANGUAGE_STANDARD = gnu11;
				GCC_DYNAMIC_NO_PIC = NO;
				GCC_NO_COMMON_BLOCKS = YES;
				GCC_OPTIMIZATION_LEVEL = 0;
				GCC_PREPROCESSOR_DEFINITIONS = (
					"DEBUG=1",
					"$(inherited)",
				);
				GCC_WARN_64_TO_32_BIT_CONVERSION = YES;
				GCC_WARN_ABOUT_RETURN_TYPE = YES_ERROR;
				GCC_WARN_UNDECLARED_SELECTOR = YES;
				GCC_WARN_UNINITIALIZED_AUTOS = YES_AGGRESSIVE;
				GCC_WARN_UNUSED_FUNCTION = YES;
				GCC_WARN_UNUSED_VARIABLE = YES;
				IPHONEOS_DEPLOYMENT_TARGET = 14.0;
				MTL_ENABLE_DEBUG_INFO = INCLUDE_SOURCE;
				MTL_FAST_MATH = YES;
				ONLY_ACTIVE_ARCH = YES;
				SDKROOT = iphoneos;
				SWIFT_ACTIVE_COMPILATION_CONDITIONS = DEBUG;
				SWIFT_OPTIMIZATION_LEVEL = "-Onone";
			};
			name = Debug;
		};
		E163E02B24628B6000877D07 /* Release */ = {
			isa = XCBuildConfiguration;
			buildSettings = {
				ALWAYS_SEARCH_USER_PATHS = NO;
				CLANG_ANALYZER_NONNULL = YES;
				CLANG_ANALYZER_NUMBER_OBJECT_CONVERSION = YES_AGGRESSIVE;
				CLANG_CXX_LANGUAGE_STANDARD = "gnu++14";
				CLANG_CXX_LIBRARY = "libc++";
				CLANG_ENABLE_MODULES = YES;
				CLANG_ENABLE_OBJC_ARC = YES;
				CLANG_ENABLE_OBJC_WEAK = YES;
				CLANG_WARN_BLOCK_CAPTURE_AUTORELEASING = YES;
				CLANG_WARN_BOOL_CONVERSION = YES;
				CLANG_WARN_COMMA = YES;
				CLANG_WARN_CONSTANT_CONVERSION = YES;
				CLANG_WARN_DEPRECATED_OBJC_IMPLEMENTATIONS = YES;
				CLANG_WARN_DIRECT_OBJC_ISA_USAGE = YES_ERROR;
				CLANG_WARN_DOCUMENTATION_COMMENTS = YES;
				CLANG_WARN_EMPTY_BODY = YES;
				CLANG_WARN_ENUM_CONVERSION = YES;
				CLANG_WARN_INFINITE_RECURSION = YES;
				CLANG_WARN_INT_CONVERSION = YES;
				CLANG_WARN_NON_LITERAL_NULL_CONVERSION = YES;
				CLANG_WARN_OBJC_IMPLICIT_RETAIN_SELF = YES;
				CLANG_WARN_OBJC_LITERAL_CONVERSION = YES;
				CLANG_WARN_OBJC_ROOT_CLASS = YES_ERROR;
				CLANG_WARN_QUOTED_INCLUDE_IN_FRAMEWORK_HEADER = YES;
				CLANG_WARN_RANGE_LOOP_ANALYSIS = YES;
				CLANG_WARN_STRICT_PROTOTYPES = YES;
				CLANG_WARN_SUSPICIOUS_MOVE = YES;
				CLANG_WARN_UNGUARDED_AVAILABILITY = YES_AGGRESSIVE;
				CLANG_WARN_UNREACHABLE_CODE = YES;
				CLANG_WARN__DUPLICATE_METHOD_MATCH = YES;
				COPY_PHASE_STRIP = NO;
				DEBUG_INFORMATION_FORMAT = "dwarf-with-dsym";
				ENABLE_NS_ASSERTIONS = NO;
				ENABLE_STRICT_OBJC_MSGSEND = YES;
				GCC_C_LANGUAGE_STANDARD = gnu11;
				GCC_NO_COMMON_BLOCKS = YES;
				GCC_WARN_64_TO_32_BIT_CONVERSION = YES;
				GCC_WARN_ABOUT_RETURN_TYPE = YES_ERROR;
				GCC_WARN_UNDECLARED_SELECTOR = YES;
				GCC_WARN_UNINITIALIZED_AUTOS = YES_AGGRESSIVE;
				GCC_WARN_UNUSED_FUNCTION = YES;
				GCC_WARN_UNUSED_VARIABLE = YES;
				IPHONEOS_DEPLOYMENT_TARGET = 14.0;
				MTL_ENABLE_DEBUG_INFO = NO;
				MTL_FAST_MATH = YES;
				SDKROOT = iphoneos;
				SWIFT_COMPILATION_MODE = wholemodule;
				SWIFT_OPTIMIZATION_LEVEL = "-O";
				VALIDATE_PRODUCT = YES;
			};
			name = Release;
		};
		E163E02D24628B6000877D07 /* Debug */ = {
			isa = XCBuildConfiguration;
			baseConfigurationReference = 704CA8CE8F4455AE17902092 /* Pods-Tele-Health Data Transfer.debug.xcconfig */;
			buildSettings = {
				ASSETCATALOG_COMPILER_APPICON_NAME = AppIcon;
				CLANG_ENABLE_MODULES = YES;
				CODE_SIGN_ENTITLEMENTS = "Tele-Health Data Transfer/ForReal.entitlements";
				CODE_SIGN_IDENTITY = "Apple Development";
				CODE_SIGN_STYLE = Automatic;
				DEVELOPMENT_TEAM = 5HU3PYYHUU;
				INFOPLIST_FILE = "Tele-Health Data Transfer/Info.plist";
				LD_RUNPATH_SEARCH_PATHS = (
					"$(inherited)",
					"@executable_path/Frameworks",
				);
				PRODUCT_BUNDLE_IDENTIFIER = "Jack-Mazza.HealthApp";
				PRODUCT_NAME = "$(TARGET_NAME)";
				SWIFT_OPTIMIZATION_LEVEL = "-Onone";
				SWIFT_VERSION = 5.0;
				TARGETED_DEVICE_FAMILY = "1,2";
			};
			name = Debug;
		};
		E163E02E24628B6000877D07 /* Release */ = {
			isa = XCBuildConfiguration;
			baseConfigurationReference = 305900D2A30478A4E55C8F86 /* Pods-Tele-Health Data Transfer.release.xcconfig */;
			buildSettings = {
				ASSETCATALOG_COMPILER_APPICON_NAME = AppIcon;
				CLANG_ENABLE_MODULES = YES;
				CODE_SIGN_ENTITLEMENTS = "Tele-Health Data Transfer/ForReal.entitlements";
				CODE_SIGN_IDENTITY = "Apple Development";
				CODE_SIGN_STYLE = Automatic;
				DEVELOPMENT_TEAM = 5HU3PYYHUU;
				INFOPLIST_FILE = "Tele-Health Data Transfer/Info.plist";
				LD_RUNPATH_SEARCH_PATHS = (
					"$(inherited)",
					"@executable_path/Frameworks",
				);
				PRODUCT_BUNDLE_IDENTIFIER = "Jack-Mazza.HealthApp";
				PRODUCT_NAME = "$(TARGET_NAME)";
				SWIFT_VERSION = 5.0;
				TARGETED_DEVICE_FAMILY = "1,2";
			};
			name = Release;
		};
		E163E03024628B6000877D07 /* Debug */ = {
			isa = XCBuildConfiguration;
			buildSettings = {
				ALWAYS_EMBED_SWIFT_STANDARD_LIBRARIES = YES;
				BUNDLE_LOADER = "$(TEST_HOST)";
				CODE_SIGN_STYLE = Automatic;
				DEVELOPMENT_TEAM = 5HU3PYYHUU;
				INFOPLIST_FILE = ForRealTests/Info.plist;
				IPHONEOS_DEPLOYMENT_TARGET = 13.2;
				LD_RUNPATH_SEARCH_PATHS = (
					"$(inherited)",
					"@executable_path/Frameworks",
					"@loader_path/Frameworks",
				);
				PRODUCT_BUNDLE_IDENTIFIER = com.jackMazza.ForRealTests;
				PRODUCT_NAME = "$(TARGET_NAME)";
				SWIFT_VERSION = 5.0;
				TARGETED_DEVICE_FAMILY = "1,2";
				TEST_HOST = "$(BUILT_PRODUCTS_DIR)/Tele-Health Data Transfer.app/Tele-Health Data Transfer";
			};
			name = Debug;
		};
		E163E03124628B6000877D07 /* Release */ = {
			isa = XCBuildConfiguration;
			buildSettings = {
				ALWAYS_EMBED_SWIFT_STANDARD_LIBRARIES = YES;
				BUNDLE_LOADER = "$(TEST_HOST)";
				CODE_SIGN_STYLE = Automatic;
				DEVELOPMENT_TEAM = 5HU3PYYHUU;
				INFOPLIST_FILE = ForRealTests/Info.plist;
				IPHONEOS_DEPLOYMENT_TARGET = 13.2;
				LD_RUNPATH_SEARCH_PATHS = (
					"$(inherited)",
					"@executable_path/Frameworks",
					"@loader_path/Frameworks",
				);
				PRODUCT_BUNDLE_IDENTIFIER = com.jackMazza.ForRealTests;
				PRODUCT_NAME = "$(TARGET_NAME)";
				SWIFT_VERSION = 5.0;
				TARGETED_DEVICE_FAMILY = "1,2";
				TEST_HOST = "$(BUILT_PRODUCTS_DIR)/Tele-Health Data Transfer.app/Tele-Health Data Transfer";
			};
			name = Release;
		};
		E163E03324628B6000877D07 /* Debug */ = {
			isa = XCBuildConfiguration;
			buildSettings = {
				ALWAYS_EMBED_SWIFT_STANDARD_LIBRARIES = YES;
				CODE_SIGN_STYLE = Automatic;
				DEVELOPMENT_TEAM = 5HU3PYYHUU;
				INFOPLIST_FILE = ForRealUITests/Info.plist;
				LD_RUNPATH_SEARCH_PATHS = (
					"$(inherited)",
					"@executable_path/Frameworks",
					"@loader_path/Frameworks",
				);
				PRODUCT_BUNDLE_IDENTIFIER = com.jackMazza.ForRealUITests;
				PRODUCT_NAME = "$(TARGET_NAME)";
				SWIFT_VERSION = 5.0;
				TARGETED_DEVICE_FAMILY = "1,2";
				TEST_TARGET_NAME = ForReal;
			};
			name = Debug;
		};
		E163E03424628B6000877D07 /* Release */ = {
			isa = XCBuildConfiguration;
			buildSettings = {
				ALWAYS_EMBED_SWIFT_STANDARD_LIBRARIES = YES;
				CODE_SIGN_STYLE = Automatic;
				DEVELOPMENT_TEAM = 5HU3PYYHUU;
				INFOPLIST_FILE = ForRealUITests/Info.plist;
				LD_RUNPATH_SEARCH_PATHS = (
					"$(inherited)",
					"@executable_path/Frameworks",
					"@loader_path/Frameworks",
				);
				PRODUCT_BUNDLE_IDENTIFIER = com.jackMazza.ForRealUITests;
				PRODUCT_NAME = "$(TARGET_NAME)";
				SWIFT_VERSION = 5.0;
				TARGETED_DEVICE_FAMILY = "1,2";
				TEST_TARGET_NAME = ForReal;
			};
			name = Release;
		};
/* End XCBuildConfiguration section */

/* Begin XCConfigurationList section */
		E163DFFD24628B5F00877D07 /* Build configuration list for PBXProject "Tele-Health Data Transfer" */ = {
			isa = XCConfigurationList;
			buildConfigurations = (
				E163E02A24628B6000877D07 /* Debug */,
				E163E02B24628B6000877D07 /* Release */,
			);
			defaultConfigurationIsVisible = 0;
			defaultConfigurationName = Release;
		};
		E163E02C24628B6000877D07 /* Build configuration list for PBXNativeTarget "Tele-Health Data Transfer" */ = {
			isa = XCConfigurationList;
			buildConfigurations = (
				E163E02D24628B6000877D07 /* Debug */,
				E163E02E24628B6000877D07 /* Release */,
			);
			defaultConfigurationIsVisible = 0;
			defaultConfigurationName = Release;
		};
		E163E02F24628B6000877D07 /* Build configuration list for PBXNativeTarget "Tele-Health Data TransferTests" */ = {
			isa = XCConfigurationList;
			buildConfigurations = (
				E163E03024628B6000877D07 /* Debug */,
				E163E03124628B6000877D07 /* Release */,
			);
			defaultConfigurationIsVisible = 0;
			defaultConfigurationName = Release;
		};
		E163E03224628B6000877D07 /* Build configuration list for PBXNativeTarget "Tele-Health Data TransferUITests" */ = {
			isa = XCConfigurationList;
			buildConfigurations = (
				E163E03324628B6000877D07 /* Debug */,
				E163E03424628B6000877D07 /* Release */,
			);
			defaultConfigurationIsVisible = 0;
			defaultConfigurationName = Release;
		};
/* End XCConfigurationList section */
	};
	rootObject = E163DFFA24628B5F00877D07 /* Project object */;
}
